
Microsoft Visual Studio Solution File, Format Version 12.00
# Visual Studio 15
VisualStudioVersion = 15.0.27428.2027
MinimumVisualStudioVersion = 10.0.40219.1
Project("{FAE04EC0-301F-11D3-BF4B-00C04F79EFBC}") = "Quiz-Przypominacz", "Quiz-Przypominacz\Quiz-Przypominacz.csproj", "{4040E08C-1D9B-47E2-92CC-E90B7CE05933}"
EndProject
Global
	GlobalSection(SolutionConfigurationPlatforms) = preSolution
		Debug|Any CPU = Debug|Any CPU
		Release|Any CPU = Release|Any CPU
	EndGlobalSection
	GlobalSection(ProjectConfigurationPlatforms) = postSolution
		{4040E08C-1D9B-47E2-92CC-E90B7CE05933}.Debug|Any CPU.ActiveCfg = Debug|Any CPU
		{4040E08C-1D9B-47E2-92CC-E90B7CE05933}.Debug|Any CPU.Build.0 = Debug|Any CPU
		{4040E08C-1D9B-47E2-92CC-E90B7CE05933}.Release|Any CPU.ActiveCfg = Release|Any CPU
		{4040E08C-1D9B-47E2-92CC-E90B7CE05933}.Release|Any CPU.Build.0 = Release|Any CPU
	EndGlobalSection
	GlobalSection(SolutionProperties) = preSolution
		HideSolutionNode = FALSE
	EndGlobalSection
	GlobalSection(ExtensibilityGlobals) = postSolution
		SolutionGuid = {8BBE179B-FFDB-47AD-A6D4-0B6B21BE0F5E}
	EndGlobalSection
EndGlobal
